
Microsoft Visual Studio Solution File, Format Version 12.00
# Visual Studio Version 17
VisualStudioVersion = 17.1.32328.378
MinimumVisualStudioVersion = 10.0.40219.1
Project("{FAE04EC0-301F-11D3-BF4B-00C04F79EFBC}") = "RepairWorkBusinessLogic", "RepairWorkBusinessLogic\RepairWorkBusinessLogic.csproj", "{3572D8B1-85EC-4381-A9D1-FB77A6BF139E}"
EndProject
Project("{FAE04EC0-301F-11D3-BF4B-00C04F79EFBC}") = "RepairWorkContracts", "RepairWorkContracts\RepairWorkContracts.csproj", "{78AAD53D-B5C9-4A4B-80EE-910ECE468EDA}"
EndProject
Project("{FAE04EC0-301F-11D3-BF4B-00C04F79EFBC}") = "RepairWorkListImplement", "RepairWorkListImplement\RepairWorkListImplement.csproj", "{2A10A372-B414-401B-806A-9EC3680B9F11}"
EndProject
Project("{FAE04EC0-301F-11D3-BF4B-00C04F79EFBC}") = "RepairWorkView", "RepairWorkView\RepairWorkView.csproj", "{AB51892C-8479-4445-AD1C-4C90671E42E3}"
EndProject
Project("{FAE04EC0-301F-11D3-BF4B-00C04F79EFBC}") = "RepairWorkFileImplement", "RepairWorkFileImplement\RepairWorkFileImplement.csproj", "{93C0D621-483D-4D55-BB15-9688DF7869E0}"
EndProject
Global
	GlobalSection(SolutionConfigurationPlatforms) = preSolution
		Debug|Any CPU = Debug|Any CPU
		Release|Any CPU = Release|Any CPU
	EndGlobalSection
	GlobalSection(ProjectConfigurationPlatforms) = postSolution
		{3572D8B1-85EC-4381-A9D1-FB77A6BF139E}.Debug|Any CPU.ActiveCfg = Debug|Any CPU
		{3572D8B1-85EC-4381-A9D1-FB77A6BF139E}.Debug|Any CPU.Build.0 = Debug|Any CPU
		{3572D8B1-85EC-4381-A9D1-FB77A6BF139E}.Release|Any CPU.ActiveCfg = Release|Any CPU
		{3572D8B1-85EC-4381-A9D1-FB77A6BF139E}.Release|Any CPU.Build.0 = Release|Any CPU
		{78AAD53D-B5C9-4A4B-80EE-910ECE468EDA}.Debug|Any CPU.ActiveCfg = Debug|Any CPU
		{78AAD53D-B5C9-4A4B-80EE-910ECE468EDA}.Debug|Any CPU.Build.0 = Debug|Any CPU
		{78AAD53D-B5C9-4A4B-80EE-910ECE468EDA}.Release|Any CPU.ActiveCfg = Release|Any CPU
		{78AAD53D-B5C9-4A4B-80EE-910ECE468EDA}.Release|Any CPU.Build.0 = Release|Any CPU
		{2A10A372-B414-401B-806A-9EC3680B9F11}.Debug|Any CPU.ActiveCfg = Debug|Any CPU
		{2A10A372-B414-401B-806A-9EC3680B9F11}.Debug|Any CPU.Build.0 = Debug|Any CPU
		{2A10A372-B414-401B-806A-9EC3680B9F11}.Release|Any CPU.ActiveCfg = Release|Any CPU
		{2A10A372-B414-401B-806A-9EC3680B9F11}.Release|Any CPU.Build.0 = Release|Any CPU
		{AB51892C-8479-4445-AD1C-4C90671E42E3}.Debug|Any CPU.ActiveCfg = Debug|Any CPU
		{AB51892C-8479-4445-AD1C-4C90671E42E3}.Debug|Any CPU.Build.0 = Debug|Any CPU
		{AB51892C-8479-4445-AD1C-4C90671E42E3}.Release|Any CPU.ActiveCfg = Release|Any CPU
		{AB51892C-8479-4445-AD1C-4C90671E42E3}.Release|Any CPU.Build.0 = Release|Any CPU
		{93C0D621-483D-4D55-BB15-9688DF7869E0}.Debug|Any CPU.ActiveCfg = Debug|Any CPU
		{93C0D621-483D-4D55-BB15-9688DF7869E0}.Debug|Any CPU.Build.0 = Debug|Any CPU
		{93C0D621-483D-4D55-BB15-9688DF7869E0}.Release|Any CPU.ActiveCfg = Release|Any CPU
		{93C0D621-483D-4D55-BB15-9688DF7869E0}.Release|Any CPU.Build.0 = Release|Any CPU
	EndGlobalSection
	GlobalSection(SolutionProperties) = preSolution
		HideSolutionNode = FALSE
	EndGlobalSection
	GlobalSection(ExtensibilityGlobals) = postSolution
		SolutionGuid = {98C23650-3B29-4DE3-BEC4-16DF1E5F89A7}
	EndGlobalSection
EndGlobal
